
Microsoft Visual Studio Solution File, Format Version 12.00
# Visual Studio 15
VisualStudioVersion = 15.0.28307.852
MinimumVisualStudioVersion = 10.0.40219.1
Project("{FAE04EC0-301F-11D3-BF4B-00C04F79EFBC}") = "LINQ_TrainingApp", "LINQ_TrainingApp\LINQ_TrainingApp.csproj", "{2DECD7E7-27DB-45CE-9111-3EFE4A9FC42E}"
EndProject
Global
	GlobalSection(SolutionConfigurationPlatforms) = preSolution
		Debug|Any CPU = Debug|Any CPU
		Release|Any CPU = Release|Any CPU
	EndGlobalSection
	GlobalSection(ProjectConfigurationPlatforms) = postSolution
		{2DECD7E7-27DB-45CE-9111-3EFE4A9FC42E}.Debug|Any CPU.ActiveCfg = Debug|Any CPU
		{2DECD7E7-27DB-45CE-9111-3EFE4A9FC42E}.Debug|Any CPU.Build.0 = Debug|Any CPU
		{2DECD7E7-27DB-45CE-9111-3EFE4A9FC42E}.Release|Any CPU.ActiveCfg = Release|Any CPU
		{2DECD7E7-27DB-45CE-9111-3EFE4A9FC42E}.Release|Any CPU.Build.0 = Release|Any CPU
	EndGlobalSection
	GlobalSection(SolutionProperties) = preSolution
		HideSolutionNode = FALSE
	EndGlobalSection
	GlobalSection(ExtensibilityGlobals) = postSolution
		SolutionGuid = {DF4661A5-FEE8-4C9A-9F74-49EDF0520033}
	EndGlobalSection
EndGlobal
